
Microsoft Visual Studio Solution File, Format Version 12.00
# Visual Studio 15
VisualStudioVersion = 15.0.28010.0
MinimumVisualStudioVersion = 10.0.40219.1
Project("{FAE04EC0-301F-11D3-BF4B-00C04F79EFBC}") = "Calculadora", "Calculadora\Calculadora.csproj", "{43DC0420-32E7-41AE-8D2F-56525660A8D4}"
EndProject
Global
	GlobalSection(SolutionConfigurationPlatforms) = preSolution
		Debug|Any CPU = Debug|Any CPU
		Release|Any CPU = Release|Any CPU
	EndGlobalSection
	GlobalSection(ProjectConfigurationPlatforms) = postSolution
		{43DC0420-32E7-41AE-8D2F-56525660A8D4}.Debug|Any CPU.ActiveCfg = Debug|Any CPU
		{43DC0420-32E7-41AE-8D2F-56525660A8D4}.Debug|Any CPU.Build.0 = Debug|Any CPU
		{43DC0420-32E7-41AE-8D2F-56525660A8D4}.Release|Any CPU.ActiveCfg = Release|Any CPU
		{43DC0420-32E7-41AE-8D2F-56525660A8D4}.Release|Any CPU.Build.0 = Release|Any CPU
	EndGlobalSection
	GlobalSection(SolutionProperties) = preSolution
		HideSolutionNode = FALSE
	EndGlobalSection
	GlobalSection(ExtensibilityGlobals) = postSolution
		SolutionGuid = {3E758946-F30F-4315-93BB-20626AE9BDD6}
	EndGlobalSection
EndGlobal
